// !$*UTF8*$!
{
	archiveVersion = 1;
	classes = {
	};
	objectVersion = 50;
	objects = {

/* Begin PBXBuildFile section */
		432580CC216BA7EA0011C1D5 /* draw_normals.metal in Sources */ = {isa = PBXBuildFile; fileRef = 432580CA216BA7EA0011C1D5 /* draw_normals.metal */; };
		432580CD216BA7EA0011C1D5 /* draw_normals.json in Resources */ = {isa = PBXBuildFile; fileRef = 432580CB216BA7EA0011C1D5 /* draw_normals.json */; };
		432580D2216C05DB0011C1D5 /* draw_mask.json in Resources */ = {isa = PBXBuildFile; fileRef = 432580D0216BFED80011C1D5 /* draw_mask.json */; };
		432580D3216C05DF0011C1D5 /* draw_mask.metal in Sources */ = {isa = PBXBuildFile; fileRef = 432580D1216BFED80011C1D5 /* draw_mask.metal */; };
		432580D5216CE01A0011C1D5 /* draw_highlight.json in Resources */ = {isa = PBXBuildFile; fileRef = 432580D4216CDBBD0011C1D5 /* draw_highlight.json */; };
		43BDDEC7216B335B00EACA3B /* AppDelegate.swift in Sources */ = {isa = PBXBuildFile; fileRef = 43BDDEC6216B335B00EACA3B /* AppDelegate.swift */; };
		43BDDEC9216B335B00EACA3B /* GameViewController.swift in Sources */ = {isa = PBXBuildFile; fileRef = 43BDDEC8216B335B00EACA3B /* GameViewController.swift */; };
		43BDDECD216B335E00EACA3B /* Assets.xcassets in Resources */ = {isa = PBXBuildFile; fileRef = 43BDDECC216B335E00EACA3B /* Assets.xcassets */; };
		43BDDED0216B335E00EACA3B /* Main.storyboard in Resources */ = {isa = PBXBuildFile; fileRef = 43BDDECE216B335E00EACA3B /* Main.storyboard */; };
		43BDDED9216B349500EACA3B /* GameScene.swift in Sources */ = {isa = PBXBuildFile; fileRef = 43BDDED8216B349500EACA3B /* GameScene.swift */; };
		43BDDEDC216B35B200EACA3B /* draw_highlight.metal in Sources */ = {isa = PBXBuildFile; fileRef = 43BDDEDA216B35B200EACA3B /* draw_highlight.metal */; };
		43BDDEDD216B35B200EACA3B /* draw_highlight.plist in Resources */ = {isa = PBXBuildFile; fileRef = 43BDDEDB216B35B200EACA3B /* draw_highlight.plist */; };
/* End PBXBuildFile section */

/* Begin PBXFileReference section */
		432580CA216BA7EA0011C1D5 /* draw_normals.metal */ = {isa = PBXFileReference; fileEncoding = 4; lastKnownFileType = sourcecode.metal; path = draw_normals.metal; sourceTree = "<group>"; };
		432580CB216BA7EA0011C1D5 /* draw_normals.json */ = {isa = PBXFileReference; fileEncoding = 4; lastKnownFileType = text.json; path = draw_normals.json; sourceTree = "<group>"; };
		432580D0216BFED80011C1D5 /* draw_mask.json */ = {isa = PBXFileReference; lastKnownFileType = text.json; path = draw_mask.json; sourceTree = "<group>"; };
		432580D1216BFED80011C1D5 /* draw_mask.metal */ = {isa = PBXFileReference; lastKnownFileType = sourcecode.metal; path = draw_mask.metal; sourceTree = "<group>"; };
		432580D4216CDBBD0011C1D5 /* draw_highlight.json */ = {isa = PBXFileReference; lastKnownFileType = text.json; path = draw_highlight.json; sourceTree = "<group>"; };
		43BDDEC3216B335B00EACA3B /* MetalBox.app */ = {isa = PBXFileReference; explicitFileType = wrapper.application; includeInIndex = 0; path = MetalBox.app; sourceTree = BUILT_PRODUCTS_DIR; };
		43BDDEC6216B335B00EACA3B /* AppDelegate.swift */ = {isa = PBXFileReference; lastKnownFileType = sourcecode.swift; path = AppDelegate.swift; sourceTree = "<group>"; };
		43BDDEC8216B335B00EACA3B /* GameViewController.swift */ = {isa = PBXFileReference; lastKnownFileType = sourcecode.swift; path = GameViewController.swift; sourceTree = "<group>"; };
		43BDDECC216B335E00EACA3B /* Assets.xcassets */ = {isa = PBXFileReference; lastKnownFileType = folder.assetcatalog; path = Assets.xcassets; sourceTree = "<group>"; };
		43BDDECF216B335E00EACA3B /* Base */ = {isa = PBXFileReference; lastKnownFileType = file.storyboard; name = Base; path = Base.lproj/Main.storyboard; sourceTree = "<group>"; };
		43BDDED1216B335E00EACA3B /* Info.plist */ = {isa = PBXFileReference; lastKnownFileType = text.plist.xml; path = Info.plist; sourceTree = "<group>"; };
		43BDDED2216B335E00EACA3B /* MetalBox.entitlements */ = {isa = PBXFileReference; lastKnownFileType = text.plist.entitlements; path = MetalBox.entitlements; sourceTree = "<group>"; };
		43BDDED8216B349500EACA3B /* GameScene.swift */ = {isa = PBXFileReference; lastKnownFileType = sourcecode.swift; path = GameScene.swift; sourceTree = "<group>"; };
		43BDDEDA216B35B200EACA3B /* draw_highlight.metal */ = {isa = PBXFileReference; fileEncoding = 4; lastKnownFileType = sourcecode.metal; path = draw_highlight.metal; sourceTree = "<group>"; };
		43BDDEDB216B35B200EACA3B /* draw_highlight.plist */ = {isa = PBXFileReference; fileEncoding = 4; lastKnownFileType = text.plist.xml; path = draw_highlight.plist; sourceTree = "<group>"; };
/* End PBXFileReference section */

/* Begin PBXFrameworksBuildPhase section */
		43BDDEC0216B335B00EACA3B /* Frameworks */ = {
			isa = PBXFrameworksBuildPhase;
			buildActionMask = 2147483647;
			files = (
			);
			runOnlyForDeploymentPostprocessing = 0;
		};
/* End PBXFrameworksBuildPhase section */

/* Begin PBXGroup section */
		432580C9216BA7DB0011C1D5 /* draw_normals */ = {
			isa = PBXGroup;
			children = (
				432580CB216BA7EA0011C1D5 /* draw_normals.json */,
				432580CA216BA7EA0011C1D5 /* draw_normals.metal */,
			);
			path = draw_normals;
			sourceTree = "<group>";
		};
		432580CE216BA8D50011C1D5 /* draw_highlight */ = {
			isa = PBXGroup;
			children = (
				432580D4216CDBBD0011C1D5 /* draw_highlight.json */,
				43BDDEDA216B35B200EACA3B /* draw_highlight.metal */,
				43BDDEDB216B35B200EACA3B /* draw_highlight.plist */,
			);
			path = draw_highlight;
			sourceTree = "<group>";
		};
		432580CF216BFE970011C1D5 /* draw_mask */ = {
			isa = PBXGroup;
			children = (
				432580D0216BFED80011C1D5 /* draw_mask.json */,
				432580D1216BFED80011C1D5 /* draw_mask.metal */,
			);
			path = draw_mask;
			sourceTree = "<group>";
		};
		43BDDEBA216B335B00EACA3B = {
			isa = PBXGroup;
			children = (
				43BDDEC5216B335B00EACA3B /* MetalBox */,
				43BDDEC4216B335B00EACA3B /* Products */,
			);
			sourceTree = "<group>";
		};
		43BDDEC4216B335B00EACA3B /* Products */ = {
			isa = PBXGroup;
			children = (
				43BDDEC3216B335B00EACA3B /* MetalBox.app */,
			);
			name = Products;
			sourceTree = "<group>";
		};
		43BDDEC5216B335B00EACA3B /* MetalBox */ = {
			isa = PBXGroup;
			children = (
				43BDDEC6216B335B00EACA3B /* AppDelegate.swift */,
				43BDDEC8216B335B00EACA3B /* GameViewController.swift */,
				43BDDED8216B349500EACA3B /* GameScene.swift */,
				432580CE216BA8D50011C1D5 /* draw_highlight */,
				432580C9216BA7DB0011C1D5 /* draw_normals */,
				432580CF216BFE970011C1D5 /* draw_mask */,
				43BDDECC216B335E00EACA3B /* Assets.xcassets */,
				43BDDECE216B335E00EACA3B /* Main.storyboard */,
				43BDDED1216B335E00EACA3B /* Info.plist */,
				43BDDED2216B335E00EACA3B /* MetalBox.entitlements */,
			);
			path = MetalBox;
			sourceTree = "<group>";
		};
/* End PBXGroup section */

/* Begin PBXNativeTarget section */
		43BDDEC2216B335B00EACA3B /* MetalBox */ = {
			isa = PBXNativeTarget;
			buildConfigurationList = 43BDDED5216B335E00EACA3B /* Build configuration list for PBXNativeTarget "MetalBox" */;
			buildPhases = (
				43BDDEBF216B335B00EACA3B /* Sources */,
				43BDDEC0216B335B00EACA3B /* Frameworks */,
				43BDDEC1216B335B00EACA3B /* Resources */,
			);
			buildRules = (
			);
			dependencies = (
			);
			name = MetalBox;
			productName = MetalBox;
			productReference = 43BDDEC3216B335B00EACA3B /* MetalBox.app */;
			productType = "com.apple.product-type.application";
		};
/* End PBXNativeTarget section */

/* Begin PBXProject section */
		43BDDEBB216B335B00EACA3B /* Project object */ = {
			isa = PBXProject;
			attributes = {
				LastSwiftUpdateCheck = 1000;
				LastUpgradeCheck = 1000;
				ORGANIZATIONNAME = IRLabs;
				TargetAttributes = {
					43BDDEC2216B335B00EACA3B = {
						CreatedOnToolsVersion = 10.0;
					};
				};
			};
			buildConfigurationList = 43BDDEBE216B335B00EACA3B /* Build configuration list for PBXProject "MetalBox" */;
			compatibilityVersion = "Xcode 9.3";
			developmentRegion = en;
			hasScannedForEncodings = 0;
			knownRegions = (
				en,
				Base,
			);
			mainGroup = 43BDDEBA216B335B00EACA3B;
			productRefGroup = 43BDDEC4216B335B00EACA3B /* Products */;
			projectDirPath = "";
			projectRoot = "";
			targets = (
				43BDDEC2216B335B00EACA3B /* MetalBox */,
			);
		};
/* End PBXProject section */

/* Begin PBXResourcesBuildPhase section */
		43BDDEC1216B335B00EACA3B /* Resources */ = {
			isa = PBXResourcesBuildPhase;
			buildActionMask = 2147483647;
			files = (
				43BDDED0216B335E00EACA3B /* Main.storyboard in Resources */,
				432580D2216C05DB0011C1D5 /* draw_mask.json in Resources */,
				432580D5216CE01A0011C1D5 /* draw_highlight.json in Resources */,
				432580CD216BA7EA0011C1D5 /* draw_normals.json in Resources */,
				43BDDEDD216B35B200EACA3B /* draw_highlight.plist in Resources */,
				43BDDECD216B335E00EACA3B /* Assets.xcassets in Resources */,
			);
			runOnlyForDeploymentPostprocessing = 0;
		};
/* End PBXResourcesBuildPhase section */

/* Begin PBXSourcesBuildPhase section */
		43BDDEBF216B335B00EACA3B /* Sources */ = {
			isa = PBXSourcesBuildPhase;
			buildActionMask = 2147483647;
			files = (
				432580CC216BA7EA0011C1D5 /* draw_normals.metal in Sources */,
				43BDDED9216B349500EACA3B /* GameScene.swift in Sources */,
				43BDDEC9216B335B00EACA3B /* GameViewController.swift in Sources */,
				43BDDEC7216B335B00EACA3B /* AppDelegate.swift in Sources */,
				43BDDEDC216B35B200EACA3B /* draw_highlight.metal in Sources */,
				432580D3216C05DF0011C1D5 /* draw_mask.metal in Sources */,
			);
			runOnlyForDeploymentPostprocessing = 0;
		};
/* End PBXSourcesBuildPhase section */

/* Begin PBXVariantGroup section */
		43BDDECE216B335E00EACA3B /* Main.storyboard */ = {
			isa = PBXVariantGroup;
			children = (
				43BDDECF216B335E00EACA3B /* Base */,
			);
			name = Main.storyboard;
			sourceTree = "<group>";
		};
/* End PBXVariantGroup section */

/* Begin XCBuildConfiguration section */
		43BDDED3216B335E00EACA3B /* Debug */ = {
			isa = XCBuildConfiguration;
			buildSettings = {
				ALWAYS_SEARCH_USER_PATHS = NO;
				CLANG_ANALYZER_NONNULL = YES;
				CLANG_ANALYZER_NUMBER_OBJECT_CONVERSION = YES_AGGRESSIVE;
				CLANG_CXX_LANGUAGE_STANDARD = "gnu++14";
				CLANG_CXX_LIBRARY = "libc++";
				CLANG_ENABLE_MODULES = YES;
				CLANG_ENABLE_OBJC_ARC = YES;
				CLANG_ENABLE_OBJC_WEAK = YES;
				CLANG_WARN_BLOCK_CAPTURE_AUTORELEASING = YES;
				CLANG_WARN_BOOL_CONVERSION = YES;
				CLANG_WARN_COMMA = YES;
				CLANG_WARN_CONSTANT_CONVERSION = YES;
				CLANG_WARN_DEPRECATED_OBJC_IMPLEMENTATIONS = YES;
				CLANG_WARN_DIRECT_OBJC_ISA_USAGE = YES_ERROR;
				CLANG_WARN_DOCUMENTATION_COMMENTS = YES;
				CLANG_WARN_EMPTY_BODY = YES;
				CLANG_WARN_ENUM_CONVERSION = YES;
				CLANG_WARN_INFINITE_RECURSION = YES;
				CLANG_WARN_INT_CONVERSION = YES;
				CLANG_WARN_NON_LITERAL_NULL_CONVERSION = YES;
				CLANG_WARN_OBJC_IMPLICIT_RETAIN_SELF = YES;
				CLANG_WARN_OBJC_LITERAL_CONVERSION = YES;
				CLANG_WARN_OBJC_ROOT_CLASS = YES_ERROR;
				CLANG_WARN_RANGE_LOOP_ANALYSIS = YES;
				CLANG_WARN_STRICT_PROTOTYPES = YES;
				CLANG_WARN_SUSPICIOUS_MOVE = YES;
				CLANG_WARN_UNGUARDED_AVAILABILITY = YES_AGGRESSIVE;
				CLANG_WARN_UNREACHABLE_CODE = YES;
				CLANG_WARN__DUPLICATE_METHOD_MATCH = YES;
				CODE_SIGN_IDENTITY = "Mac Developer";
				COPY_PHASE_STRIP = NO;
				DEBUG_INFORMATION_FORMAT = dwarf;
				ENABLE_STRICT_OBJC_MSGSEND = YES;
				ENABLE_TESTABILITY = YES;
				GCC_C_LANGUAGE_STANDARD = gnu11;
				GCC_DYNAMIC_NO_PIC = NO;
				GCC_NO_COMMON_BLOCKS = YES;
				GCC_OPTIMIZATION_LEVEL = 0;
				GCC_PREPROCESSOR_DEFINITIONS = (
					"DEBUG=1",
					"$(inherited)",
				);
				GCC_WARN_64_TO_32_BIT_CONVERSION = YES;
				GCC_WARN_ABOUT_RETURN_TYPE = YES_ERROR;
				GCC_WARN_UNDECLARED_SELECTOR = YES;
				GCC_WARN_UNINITIALIZED_AUTOS = YES_AGGRESSIVE;
				GCC_WARN_UNUSED_FUNCTION = YES;
				GCC_WARN_UNUSED_VARIABLE = YES;
				MACOSX_DEPLOYMENT_TARGET = 10.13;
				MTL_ENABLE_DEBUG_INFO = INCLUDE_SOURCE;
				MTL_FAST_MATH = YES;
				ONLY_ACTIVE_ARCH = YES;
				SDKROOT = macosx;
				SWIFT_ACTIVE_COMPILATION_CONDITIONS = DEBUG;
				SWIFT_OPTIMIZATION_LEVEL = "-Onone";
			};
			name = Debug;
		};
		43BDDED4216B335E00EACA3B /* Release */ = {
			isa = XCBuildConfiguration;
			buildSettings = {
				ALWAYS_SEARCH_USER_PATHS = NO;
				CLANG_ANALYZER_NONNULL = YES;
				CLANG_ANALYZER_NUMBER_OBJECT_CONVERSION = YES_AGGRESSIVE;
				CLANG_CXX_LANGUAGE_STANDARD = "gnu++14";
				CLANG_CXX_LIBRARY = "libc++";
				CLANG_ENABLE_MODULES = YES;
				CLANG_ENABLE_OBJC_ARC = YES;
				CLANG_ENABLE_OBJC_WEAK = YES;
				CLANG_WARN_BLOCK_CAPTURE_AUTORELEASING = YES;
				CLANG_WARN_BOOL_CONVERSION = YES;
				CLANG_WARN_COMMA = YES;
				CLANG_WARN_CONSTANT_CONVERSION = YES;
				CLANG_WARN_DEPRECATED_OBJC_IMPLEMENTATIONS = YES;
				CLANG_WARN_DIRECT_OBJC_ISA_USAGE = YES_ERROR;
				CLANG_WARN_DOCUMENTATION_COMMENTS = YES;
				CLANG_WARN_EMPTY_BODY = YES;
				CLANG_WARN_ENUM_CONVERSION = YES;
				CLANG_WARN_INFINITE_RECURSION = YES;
				CLANG_WARN_INT_CONVERSION = YES;
				CLANG_WARN_NON_LITERAL_NULL_CONVERSION = YES;
				CLANG_WARN_OBJC_IMPLICIT_RETAIN_SELF = YES;
				CLANG_WARN_OBJC_LITERAL_CONVERSION = YES;
				CLANG_WARN_OBJC_ROOT_CLASS = YES_ERROR;
				CLANG_WARN_RANGE_LOOP_ANALYSIS = YES;
				CLANG_WARN_STRICT_PROTOTYPES = YES;
				CLANG_WARN_SUSPICIOUS_MOVE = YES;
				CLANG_WARN_UNGUARDED_AVAILABILITY = YES_AGGRESSIVE;
				CLANG_WARN_UNREACHABLE_CODE = YES;
				CLANG_WARN__DUPLICATE_METHOD_MATCH = YES;
				CODE_SIGN_IDENTITY = "Mac Developer";
				COPY_PHASE_STRIP = NO;
				DEBUG_INFORMATION_FORMAT = "dwarf-with-dsym";
				ENABLE_NS_ASSERTIONS = NO;
				ENABLE_STRICT_OBJC_MSGSEND = YES;
				GCC_C_LANGUAGE_STANDARD = gnu11;
				GCC_NO_COMMON_BLOCKS = YES;
				GCC_WARN_64_TO_32_BIT_CONVERSION = YES;
				GCC_WARN_ABOUT_RETURN_TYPE = YES_ERROR;
				GCC_WARN_UNDECLARED_SELECTOR = YES;
				GCC_WARN_UNINITIALIZED_AUTOS = YES_AGGRESSIVE;
				GCC_WARN_UNUSED_FUNCTION = YES;
				GCC_WARN_UNUSED_VARIABLE = YES;
				MACOSX_DEPLOYMENT_TARGET = 10.13;
				MTL_ENABLE_DEBUG_INFO = NO;
				MTL_FAST_MATH = YES;
				SDKROOT = macosx;
				SWIFT_COMPILATION_MODE = wholemodule;
				SWIFT_OPTIMIZATION_LEVEL = "-O";
			};
			name = Release;
		};
		43BDDED6216B335E00EACA3B /* Debug */ = {
			isa = XCBuildConfiguration;
			buildSettings = {
				ASSETCATALOG_COMPILER_APPICON_NAME = AppIcon;
				CODE_SIGN_ENTITLEMENTS = MetalBox/MetalBox.entitlements;
				CODE_SIGN_STYLE = Automatic;
				COMBINE_HIDPI_IMAGES = YES;
				DEVELOPMENT_TEAM = B8ZR3XDMKF;
				INFOPLIST_FILE = MetalBox/Info.plist;
				LD_RUNPATH_SEARCH_PATHS = (
					"$(inherited)",
					"@executable_path/../Frameworks",
				);
				PRODUCT_BUNDLE_IDENTIFIER = nl.irlabs.nl.MetalBox;
				PRODUCT_NAME = "$(TARGET_NAME)";
				SWIFT_VERSION = 4.2;
			};
			name = Debug;
		};
		43BDDED7216B335E00EACA3B /* Release */ = {
			isa = XCBuildConfiguration;
			buildSettings = {
				ASSETCATALOG_COMPILER_APPICON_NAME = AppIcon;
				CODE_SIGN_ENTITLEMENTS = MetalBox/MetalBox.entitlements;
				CODE_SIGN_STYLE = Automatic;
				COMBINE_HIDPI_IMAGES = YES;
				DEVELOPMENT_TEAM = B8ZR3XDMKF;
				INFOPLIST_FILE = MetalBox/Info.plist;
				LD_RUNPATH_SEARCH_PATHS = (
					"$(inherited)",
					"@executable_path/../Frameworks",
				);
				PRODUCT_BUNDLE_IDENTIFIER = nl.irlabs.nl.MetalBox;
				PRODUCT_NAME = "$(TARGET_NAME)";
				SWIFT_VERSION = 4.2;
			};
			name = Release;
		};
/* End XCBuildConfiguration section */

/* Begin XCConfigurationList section */
		43BDDEBE216B335B00EACA3B /* Build configuration list for PBXProject "MetalBox" */ = {
			isa = XCConfigurationList;
			buildConfigurations = (
				43BDDED3216B335E00EACA3B /* Debug */,
				43BDDED4216B335E00EACA3B /* Release */,
			);
			defaultConfigurationIsVisible = 0;
			defaultConfigurationName = Release;
		};
		43BDDED5216B335E00EACA3B /* Build configuration list for PBXNativeTarget "MetalBox" */ = {
			isa = XCConfigurationList;
			buildConfigurations = (
				43BDDED6216B335E00EACA3B /* Debug */,
				43BDDED7216B335E00EACA3B /* Release */,
			);
			defaultConfigurationIsVisible = 0;
			defaultConfigurationName = Release;
		};
/* End XCConfigurationList section */
	};
	rootObject = 43BDDEBB216B335B00EACA3B /* Project object */;
}
